
Microsoft Visual Studio Solution File, Format Version 12.00
# Visual Studio Version 16
VisualStudioVersion = 16.0.31624.102
MinimumVisualStudioVersion = 10.0.40219.1
Project("{FAE04EC0-301F-11D3-BF4B-00C04F79EFBC}") = "CurrencyConverter_API", "CurrencyConverter_API.csproj", "{A220AA61-E719-4B4E-8C3F-F97C7FD285B6}"
EndProject
Global
	GlobalSection(SolutionConfigurationPlatforms) = preSolution
		Debug|Any CPU = Debug|Any CPU
		Release|Any CPU = Release|Any CPU
	EndGlobalSection
	GlobalSection(ProjectConfigurationPlatforms) = postSolution
		{A220AA61-E719-4B4E-8C3F-F97C7FD285B6}.Debug|Any CPU.ActiveCfg = Debug|Any CPU
		{A220AA61-E719-4B4E-8C3F-F97C7FD285B6}.Debug|Any CPU.Build.0 = Debug|Any CPU
		{A220AA61-E719-4B4E-8C3F-F97C7FD285B6}.Release|Any CPU.ActiveCfg = Release|Any CPU
		{A220AA61-E719-4B4E-8C3F-F97C7FD285B6}.Release|Any CPU.Build.0 = Release|Any CPU
	EndGlobalSection
	GlobalSection(SolutionProperties) = preSolution
		HideSolutionNode = FALSE
	EndGlobalSection
	GlobalSection(ExtensibilityGlobals) = postSolution
		SolutionGuid = {2C5F4E4B-9DA3-4F8B-8DDC-1F9D67C73D34}
	EndGlobalSection
EndGlobal
